Microsoft Visual Studio Solution File, Format Version 12.00
# Visual Studio Version 17
VisualStudioVersion = 17.5.2.0
MinimumVisualStudioVersion = 10.0.40219.1
Project("{9A19103F-16F7-4668-BE54-9A1E7A4F7556}") = "InfraSim", "InfraSim.csproj", "{F56BC5E7-3CCD-9503-F282-52B477696716}"
EndProject
Global
	GlobalSection(SolutionConfigurationPlatforms) = preSolution
		Debug|Any CPU = Debug|Any CPU
		Release|Any CPU = Release|Any CPU
	EndGlobalSection
	GlobalSection(ProjectConfigurationPlatforms) = postSolution
		{F56BC5E7-3CCD-9503-F282-52B477696716}.Debug|Any CPU.ActiveCfg = Debug|Any CPU
		{F56BC5E7-3CCD-9503-F282-52B477696716}.Debug|Any CPU.Build.0 = Debug|Any CPU
		{F56BC5E7-3CCD-9503-F282-52B477696716}.Release|Any CPU.ActiveCfg = Release|Any CPU
		{F56BC5E7-3CCD-9503-F282-52B477696716}.Release|Any CPU.Build.0 = Release|Any CPU
	EndGlobalSection
	GlobalSection(SolutionProperties) = preSolution
		HideSolutionNode = FALSE
	EndGlobalSection
	GlobalSection(ExtensibilityGlobals) = postSolution
		SolutionGuid = {A0EB3DD7-B157-4035-B00E-4D081DA64ACA}
	EndGlobalSection
EndGlobal
